
Microsoft Visual Studio Solution File, Format Version 12.00
# Visual Studio 2017
Project("{FAE04EC0-301F-11D3-BF4B-00C04F79EFBC}") = "Fps_8Bit_Project.Plugins", "Fps_8Bit_Project.Plugins.csproj", "{9222564F-F873-525D-C15E-8A3027010BBC}"
EndProject
Project("{FAE04EC0-301F-11D3-BF4B-00C04F79EFBC}") = "Fps_8Bit_Project", "Fps_8Bit_Project.csproj", "{EF7D19BD-20DD-292A-B914-898A01BFF319}"
EndProject
Project("{FAE04EC0-301F-11D3-BF4B-00C04F79EFBC}") = "Fps_8Bit_Project.Editor", "Fps_8Bit_Project.Editor.csproj", "{5EF79171-07A5-D0A6-9C46-7FC41EB40955}"
EndProject
Global
	GlobalSection(SolutionConfigurationPlatforms) = preSolution
		Debug|Any CPU = Debug|Any CPU
		Release|Any CPU = Release|Any CPU
	EndGlobalSection
	GlobalSection(ProjectConfigurationPlatforms) = postSolution
		{9222564F-F873-525D-C15E-8A3027010BBC}.Debug|Any CPU.ActiveCfg = Debug|Any CPU
		{9222564F-F873-525D-C15E-8A3027010BBC}.Debug|Any CPU.Build.0 = Debug|Any CPU
		{9222564F-F873-525D-C15E-8A3027010BBC}.Release|Any CPU.ActiveCfg = Release|Any CPU
		{9222564F-F873-525D-C15E-8A3027010BBC}.Release|Any CPU.Build.0 = Release|Any CPU
		{EF7D19BD-20DD-292A-B914-898A01BFF319}.Debug|Any CPU.ActiveCfg = Debug|Any CPU
		{EF7D19BD-20DD-292A-B914-898A01BFF319}.Debug|Any CPU.Build.0 = Debug|Any CPU
		{EF7D19BD-20DD-292A-B914-898A01BFF319}.Release|Any CPU.ActiveCfg = Release|Any CPU
		{EF7D19BD-20DD-292A-B914-898A01BFF319}.Release|Any CPU.Build.0 = Release|Any CPU
		{5EF79171-07A5-D0A6-9C46-7FC41EB40955}.Debug|Any CPU.ActiveCfg = Debug|Any CPU
		{5EF79171-07A5-D0A6-9C46-7FC41EB40955}.Debug|Any CPU.Build.0 = Debug|Any CPU
		{5EF79171-07A5-D0A6-9C46-7FC41EB40955}.Release|Any CPU.ActiveCfg = Release|Any CPU
		{5EF79171-07A5-D0A6-9C46-7FC41EB40955}.Release|Any CPU.Build.0 = Release|Any CPU
	EndGlobalSection
	GlobalSection(SolutionProperties) = preSolution
		HideSolutionNode = FALSE
	EndGlobalSection
EndGlobal
